
Microsoft Visual Studio Solution File, Format Version 12.00
# Visual Studio Version 17
VisualStudioVersion = 17.12.35527.113 d17.12
MinimumVisualStudioVersion = 10.0.40219.1
Project("{FAE04EC0-301F-11D3-BF4B-00C04F79EFBC}") = "MedilaboSolutionsBack1", "MedilaboSolutions\MedilaboSolutionsBack1.csproj", "{C33AA8D3-8964-4277-8E6A-5DD00EF6A8EF}"
EndProject
Global
	GlobalSection(SolutionConfigurationPlatforms) = preSolution
		Debug|Any CPU = Debug|Any CPU
		Release|Any CPU = Release|Any CPU
	EndGlobalSection
	GlobalSection(ProjectConfigurationPlatforms) = postSolution
		{C33AA8D3-8964-4277-8E6A-5DD00EF6A8EF}.Debug|Any CPU.ActiveCfg = Debug|Any CPU
		{C33AA8D3-8964-4277-8E6A-5DD00EF6A8EF}.Debug|Any CPU.Build.0 = Debug|Any CPU
		{C33AA8D3-8964-4277-8E6A-5DD00EF6A8EF}.Release|Any CPU.ActiveCfg = Release|Any CPU
		{C33AA8D3-8964-4277-8E6A-5DD00EF6A8EF}.Release|Any CPU.Build.0 = Release|Any CPU
	EndGlobalSection
	GlobalSection(SolutionProperties) = preSolution
		HideSolutionNode = FALSE
	EndGlobalSection
EndGlobal
